// !$*UTF8*$!
{
	archiveVersion = 1;
	classes = {
	};
	objectVersion = 46;
	objects = {

/* Begin PBXBuildFile section */
		27E3C7591A06FC3E008EFBF6 /* main.c in Sources */ = {isa = PBXBuildFile; fileRef = 27E3C7581A06FC3E008EFBF6 /* main.c */; };
/* End PBXBuildFile section */

/* Begin PBXCopyFilesBuildPhase section */
		27E3C7531A06FC3D008EFBF6 /* CopyFiles */ = {
			isa = PBXCopyFilesBuildPhase;
			buildActionMask = 2147483647;
			dstPath = /usr/share/man/man1/;
			dstSubfolderSpec = 0;
			files = (
			);
			runOnlyForDeploymentPostprocessing = 1;
		};
/* End PBXCopyFilesBuildPhase section */

/* Begin PBXFileReference section */
		27E3C7551A06FC3D008EFBF6 /* libclang experiments */ = {isa = PBXFileReference; explicitFileType = "compiled.mach-o.executable"; includeInIndex = 0; path = "libclang experiments"; sourceTree = BUILT_PRODUCTS_DIR; };
		27E3C7581A06FC3E008EFBF6 /* main.c */ = {isa = PBXFileReference; lastKnownFileType = sourcecode.c.c; path = main.c; sourceTree = "<group>"; };
/* End PBXFileReference section */

/* Begin PBXFrameworksBuildPhase section */
		27E3C7521A06FC3D008EFBF6 /* Frameworks */ = {
			isa = PBXFrameworksBuildPhase;
			buildActionMask = 2147483647;
			files = (
			);
			runOnlyForDeploymentPostprocessing = 0;
		};
/* End PBXFrameworksBuildPhase section */

/* Begin PBXGroup section */
		27E3C74C1A06FC3D008EFBF6 = {
			isa = PBXGroup;
			children = (
				27E3C7571A06FC3D008EFBF6 /* libclang experiments */,
				27E3C7561A06FC3D008EFBF6 /* Products */,
			);
			sourceTree = "<group>";
		};
		27E3C7561A06FC3D008EFBF6 /* Products */ = {
			isa = PBXGroup;
			children = (
				27E3C7551A06FC3D008EFBF6 /* libclang experiments */,
			);
			name = Products;
			sourceTree = "<group>";
		};
		27E3C7571A06FC3D008EFBF6 /* libclang experiments */ = {
			isa = PBXGroup;
			children = (
				27E3C7581A06FC3E008EFBF6 /* main.c */,
			);
			path = "libclang experiments";
			sourceTree = "<group>";
		};
/* End PBXGroup section */

/* Begin PBXNativeTarget section */
		27E3C7541A06FC3D008EFBF6 /* libclang experiments */ = {
			isa = PBXNativeTarget;
			buildConfigurationList = 27E3C75C1A06FC3E008EFBF6 /* Build configuration list for PBXNativeTarget "libclang experiments" */;
			buildPhases = (
				27E3C7511A06FC3D008EFBF6 /* Sources */,
				27E3C7521A06FC3D008EFBF6 /* Frameworks */,
				27E3C7531A06FC3D008EFBF6 /* CopyFiles */,
			);
			buildRules = (
			);
			dependencies = (
			);
			name = "libclang experiments";
			productName = "libclang experiments";
			productReference = 27E3C7551A06FC3D008EFBF6 /* libclang experiments */;
			productType = "com.apple.product-type.tool";
		};
/* End PBXNativeTarget section */

/* Begin PBXProject section */
		27E3C74D1A06FC3D008EFBF6 /* Project object */ = {
			isa = PBXProject;
			attributes = {
				LastUpgradeCheck = 0610;
				ORGANIZATIONNAME = "Vishnu Prem";
				TargetAttributes = {
					27E3C7541A06FC3D008EFBF6 = {
						CreatedOnToolsVersion = 6.1;
					};
				};
			};
			buildConfigurationList = 27E3C7501A06FC3D008EFBF6 /* Build configuration list for PBXProject "libclang experiments" */;
			compatibilityVersion = "Xcode 3.2";
			developmentRegion = English;
			hasScannedForEncodings = 0;
			knownRegions = (
				en,
			);
			mainGroup = 27E3C74C1A06FC3D008EFBF6;
			productRefGroup = 27E3C7561A06FC3D008EFBF6 /* Products */;
			projectDirPath = "";
			projectRoot = "";
			targets = (
				27E3C7541A06FC3D008EFBF6 /* libclang experiments */,
			);
		};
/* End PBXProject section */

/* Begin PBXSourcesBuildPhase section */
		27E3C7511A06FC3D008EFBF6 /* Sources */ = {
			isa = PBXSourcesBuildPhase;
			buildActionMask = 2147483647;
			files = (
				27E3C7591A06FC3E008EFBF6 /* main.c in Sources */,
			);
			runOnlyForDeploymentPostprocessing = 0;
		};
/* End PBXSourcesBuildPhase section */

/* Begin XCBuildConfiguration section */
		27E3C75A1A06FC3E008EFBF6 /* Debug */ = {
			isa = XCBuildConfiguration;
			buildSettings = {
				ALWAYS_SEARCH_USER_PATHS = NO;
				CLANG_CXX_LANGUAGE_STANDARD = "gnu++0x";
				CLANG_CXX_LIBRARY = "libc++";
				CLANG_ENABLE_MODULES = YES;
				CLANG_ENABLE_OBJC_ARC = YES;
				CLANG_WARN_BOOL_CONVERSION = YES;
				CLANG_WARN_CONSTANT_CONVERSION = YES;
				CLANG_WARN_DIRECT_OBJC_ISA_USAGE = YES_ERROR;
				CLANG_WARN_EMPTY_BODY = YES;
				CLANG_WARN_ENUM_CONVERSION = YES;
				CLANG_WARN_INT_CONVERSION = YES;
				CLANG_WARN_OBJC_ROOT_CLASS = YES_ERROR;
				CLANG_WARN_UNREACHABLE_CODE = YES;
				CLANG_WARN__DUPLICATE_METHOD_MATCH = YES;
				COPY_PHASE_STRIP = NO;
				ENABLE_STRICT_OBJC_MSGSEND = YES;
				GCC_C_LANGUAGE_STANDARD = gnu99;
				GCC_DYNAMIC_NO_PIC = NO;
				GCC_OPTIMIZATION_LEVEL = 0;
				GCC_PREPROCESSOR_DEFINITIONS = (
					"DEBUG=1",
					"$(inherited)",
				);
				GCC_SYMBOLS_PRIVATE_EXTERN = NO;
				GCC_WARN_64_TO_32_BIT_CONVERSION = YES;
				GCC_WARN_ABOUT_RETURN_TYPE = YES_ERROR;
				GCC_WARN_UNDECLARED_SELECTOR = YES;
				GCC_WARN_UNINITIALIZED_AUTOS = YES_AGGRESSIVE;
				GCC_WARN_UNUSED_FUNCTION = YES;
				GCC_WARN_UNUSED_VARIABLE = YES;
				MACOSX_DEPLOYMENT_TARGET = 10.10;
				MTL_ENABLE_DEBUG_INFO = YES;
				ONLY_ACTIVE_ARCH = YES;
				SDKROOT = macosx;
			};
			name = Debug;
		};
		27E3C75B1A06FC3E008EFBF6 /* Release */ = {
			isa = XCBuildConfiguration;
			buildSettings = {
				ALWAYS_SEARCH_USER_PATHS = NO;
				CLANG_CXX_LANGUAGE_STANDARD = "gnu++0x";
				CLANG_CXX_LIBRARY = "libc++";
				CLANG_ENABLE_MODULES = YES;
				CLANG_ENABLE_OBJC_ARC = YES;
				CLANG_WARN_BOOL_CONVERSION = YES;
				CLANG_WARN_CONSTANT_CONVERSION = YES;
				CLANG_WARN_DIRECT_OBJC_ISA_USAGE = YES_ERROR;
				CLANG_WARN_EMPTY_BODY = YES;
				CLANG_WARN_ENUM_CONVERSION = YES;
				CLANG_WARN_INT_CONVERSION = YES;
				CLANG_WARN_OBJC_ROOT_CLASS = YES_ERROR;
				CLANG_WARN_UNREACHABLE_CODE = YES;
				CLANG_WARN__DUPLICATE_METHOD_MATCH = YES;
				COPY_PHASE_STRIP = YES;
				DEBUG_INFORMATION_FORMAT = "dwarf-with-dsym";
				ENABLE_NS_ASSERTIONS = NO;
				ENABLE_STRICT_OBJC_MSGSEND = YES;
				GCC_C_LANGUAGE_STANDARD = gnu99;
				GCC_WARN_64_TO_32_BIT_CONVERSION = YES;
				GCC_WARN_ABOUT_RETURN_TYPE = YES_ERROR;
				GCC_WARN_UNDECLARED_SELECTOR = YES;
				GCC_WARN_UNINITIALIZED_AUTOS = YES_AGGRESSIVE;
				GCC_WARN_UNUSED_FUNCTION = YES;
				GCC_WARN_UNUSED_VARIABLE = YES;
				MACOSX_DEPLOYMENT_TARGET = 10.10;
				MTL_ENABLE_DEBUG_INFO = NO;
				SDKROOT = macosx;
			};
			name = Release;
		};
		27E3C75D1A06FC3E008EFBF6 /* Debug */ = {
			isa = XCBuildConfiguration;
			buildSettings = {
				PRODUCT_NAME = "$(TARGET_NAME)";
			};
			name = Debug;
		};
		27E3C75E1A06FC3E008EFBF6 /* Release */ = {
			isa = XCBuildConfiguration;
			buildSettings = {
				PRODUCT_NAME = "$(TARGET_NAME)";
			};
			name = Release;
		};
/* End XCBuildConfiguration section */

/* Begin XCConfigurationList section */
		27E3C7501A06FC3D008EFBF6 /* Build configuration list for PBXProject "libclang experiments" */ = {
			isa = XCConfigurationList;
			buildConfigurations = (
				27E3C75A1A06FC3E008EFBF6 /* Debug */,
				27E3C75B1A06FC3E008EFBF6 /* Release */,
			);
			defaultConfigurationIsVisible = 0;
			defaultConfigurationName = Release;
		};
		27E3C75C1A06FC3E008EFBF6 /* Build configuration list for PBXNativeTarget "libclang experiments" */ = {
			isa = XCConfigurationList;
			buildConfigurations = (
				27E3C75D1A06FC3E008EFBF6 /* Debug */,
				27E3C75E1A06FC3E008EFBF6 /* Release */,
			);
			defaultConfigurationIsVisible = 0;
		};
/* End XCConfigurationList section */
	};
	rootObject = 27E3C74D1A06FC3D008EFBF6 /* Project object */;
}
